{
    "_meta": {
        "hash": {
            "sha256": "90f65127a89132af19f6067aa2428faedab0795ed9f04852128410ab8e2ae330"
        },
        "pipfile-spec": 6,
        "requires": {
            "python_version": "3"
        },
        "sources": [
            {
                "name": "pypi",
                "url": "https://pypi.org/simple",
                "verify_ssl": true
            }
        ]
    },
    "default": {
        "slint": "1.9.2a1"
    },
    "develop": {}
}
