{
    "_meta": {
        "hash": {
            "sha256": "90f65127a89132af19f6067aa2428faedab0795ed9f04852128410ab8e2ae330"
        },
        "pipfile-spec": 6,
        "requires": {
            "python_version": "3"
        },
        "sources": [
            {
                "name": "pypi",
                "url": "https://pypi.org/simple",
                "verify_ssl": true
            }
        ]
    },
    "default": {
        "slint": {
            "hashes": [
                "sha256:100693ec2f3d342d04f135a9f073d5686eb2f4f5eaba75c8039e7b2b0cd6f815",
                "sha256:496c8f53799e781ffe8da8db89a076fa750151012efe923d6feba077ff1de378",
                "sha256:6af53638b337a7c9720e2eb0a916b0f27537e76c4361764d7c8c2a0df8fc107e",
                "sha256:8a4fe8437f7dd37c3555a08ba9879b0bc83b67dde894143ce9e60e6a9bad3b04",
                "sha256:a7a90e644d7bd76e11405914a5ab08baa1f923f6f4760658e4d51b278e1ac270",
                "sha256:ac298004c22bbfb2b09894c64ece2717af4f3b38194269330089cc10f6bdee9f",
                "sha256:f575e393ea309a0ef1b080d3bcb3efb5e454cafbf5ba93d0a1cd94043ab47fbc"
            ],
            "index": "pypi",
            "markers": "python_version >= '3.10'",
            "version": "==1.9.2a1"
        }
    },
    "develop": {}
}
