version = 1
revision = 2
requires-python = ">=3.13"

[[package]]
name = "maturin"
version = "1.8.4"
source = { registry = "https://pypi.org/simple" }
sdist = { url = "https://files.pythonhosted.org/packages/e0/23/bc3cfe0537e82a9f6d5aeef79066df5179c27e64bb536917d7b3fcec1232/maturin-1.8.4.tar.gz", hash = "sha256:abe251545c3bf172b9514460d46ba22eaf2ca6c4310f7b06cebf69b4d365e4f7", size = 202943, upload-time = "2025-05-09T10:03:40.499Z" }
wheels = [
    { url = "https://files.pythonhosted.org/packages/c5/33/f1c9df08b459599c4fa190b5e50b22db2f04bb69a1384030cb06d97c5e13/maturin-1.8.4-py3-none-linux_armv6l.whl", hash = "sha256:85b45d624cc3acb326d45c9b149870c5ffe6e2aac4cfe9a82edfa662967c09d0", size = 7841511, upload-time = "2025-05-09T10:03:17.277Z" },
    { url = "https://files.pythonhosted.org/packages/4c/4a/936b16df373a1e184d7f364527deceb5f64bdad89ef1e14e379205d73ce0/maturin-1.8.4-py3-none-macosx_10_12_x86_64.macosx_11_0_arm64.macosx_10_12_universal2.whl", hash = "sha256:ffeb2b7b31abc8c3232ae5cfd37cb200701486b4deaf68b251f70e851f5a989a", size = 15279797, upload-time = "2025-05-09T10:03:20.6Z" },
    { url = "https://files.pythonhosted.org/packages/76/8c/d3b28b6413fc9088db7aabe57ed626fe8999182aaef18672edf3180201f6/maturin-1.8.4-py3-none-macosx_10_12_x86_64.whl", hash = "sha256:28a6efab7227da723d29d93fef271ef2065bf2f04b78c3034aecd471dce92be3", size = 7972628, upload-time = "2025-05-09T10:03:22.995Z" },
    { url = "https://files.pythonhosted.org/packages/e4/be/1a7d1ffbb8159d351ec6b62cb1730bd023bd8ffaf8b961fbb45a54873177/maturin-1.8.4-py3-none-manylinux_2_12_i686.manylinux2010_i686.musllinux_1_1_i686.whl", hash = "sha256:1f01b38c2ff34e596732b1ad4e11b1f5db9d2c55e5e5169d3bc6686a392a431e", size = 7830871, upload-time = "2025-05-09T10:03:24.507Z" },
    { url = "https://files.pythonhosted.org/packages/5e/25/079a85e4a8adccdcc1292973f79f297a1f1bba0c3574ccf36d0f646348d1/maturin-1.8.4-py3-none-manylinux_2_12_x86_64.manylinux2010_x86_64.musllinux_1_1_x86_64.whl", hash = "sha256:5e785979409bd54d8baf10cabcde71168b6be172f701e3e37459b445dccdaf3d", size = 8290766, upload-time = "2025-05-09T10:03:25.993Z" },
    { url = "https://files.pythonhosted.org/packages/a4/fc/f6294f2c419ef967018964f027f9c7ba9d9e75633bada3a31bee8558429c/maturin-1.8.4-py3-none-manylinux_2_17_aarch64.manylinux2014_aarch64.musllinux_1_1_aarch64.whl", hash = "sha256:78a846a7ba5563c87a47a27ca6247b6fb374d1b27429276b5a2b85f284034543", size = 7626910, upload-time = "2025-05-09T10:03:27.882Z" },
    { url = "https://files.pythonhosted.org/packages/18/c4/e71f7999adf2063e57692522cfb85acaef79956876a120b09761b194808e/maturin-1.8.4-py3-none-manylinux_2_17_armv7l.manylinux2014_armv7l.musllinux_1_1_armv7l.whl", hash = "sha256:8c56e107ea3a4484b31912fa353a800b1ca7647993858dbb46c2013df5c23f34", size = 7694089, upload-time = "2025-05-09T10:03:29.505Z" },
    { url = "https://files.pythonhosted.org/packages/44/e3/de310efe6c813e1778858d6c9b2f24c0a9eec691f57ed6786b154fc362f5/maturin-1.8.4-py3-none-manylinux_2_17_ppc64le.manylinux2014_ppc64le.musllinux_1_1_ppc64le.whl", hash = "sha256:8b942711bd7ecfb3f0809bb895c1a36f05d901d69fa96d66cf6868971dca2236", size = 9765925, upload-time = "2025-05-09T10:03:31.192Z" },
    { url = "https://files.pythonhosted.org/packages/6f/5e/9cee15f50b505e8617ff808f46f143e38d9cad14a4d92d68e8d06ab79022/maturin-1.8.4-py3-none-manylinux_2_17_s390x.manylinux2014_s390x.whl", hash = "sha256:b3d2a551ffc2ed19f7e18fa5ce40edb856281f05b443b8b92a7d9a2612f153b8", size = 11019987, upload-time = "2025-05-09T10:03:33.373Z" },
    { url = "https://files.pythonhosted.org/packages/56/d8/1f4191ba6889c6c9618a566031c40f3fdd38491d7d1e43ec2178b642dcd3/maturin-1.8.4-py3-none-win32.whl", hash = "sha256:de700dac5cbaa0f3c72bb1933f142ee795047a57e83b1af8753586597b13d11e", size = 7010464, upload-time = "2025-05-09T10:03:35.672Z" },
    { url = "https://files.pythonhosted.org/packages/30/56/cd751f8d68ff5f0ed7c0f44c3ab62858fd2e7c8be93ef303f9e8e739a755/maturin-1.8.4-py3-none-win_amd64.whl", hash = "sha256:bd3d2262cb9581e7a383ab6fde6a96875b59d21091e8db5f6058fa0c4a97aca2", size = 7947398, upload-time = "2025-05-09T10:03:37.256Z" },
    { url = "https://files.pythonhosted.org/packages/57/3b/9eaf6ecc5a9caedb1801e613967852e9ce6198e71edffd6dce2eb6dd695d/maturin-1.8.4-py3-none-win_arm64.whl", hash = "sha256:1177706bdda1aab84783fa04619dcedd6eb48477e6895704063478855ba5c9de", size = 6688954, upload-time = "2025-05-09T10:03:38.767Z" },
]

[[package]]
name = "phobosemulatormanager"
version = "0.1.0"
source = { virtual = "." }
dependencies = [
    { name = "slint" },
]

[package.metadata]
requires-dist = [{ name = "slint", specifier = ">=1.11.0a1" }]

[[package]]
name = "slint"
version = "1.11.0a1"
source = { registry = "https://pypi.org/simple" }
dependencies = [
    { name = "maturin" },
]
sdist = { url = "https://files.pythonhosted.org/packages/8e/10/ea72e4806822ea3a2328b9e2c14fd538becbd2058247e0bc98d27c20cba2/slint-1.11.0a1.tar.gz", hash = "sha256:028775b08f091a0eb3920a758eddb4a9bd46002b64d9535b19152ce7f21e705c", size = 1873958, upload-time = "2025-04-23T11:01:35.638Z" }
wheels = [
    { url = "https://files.pythonhosted.org/packages/a9/50/aa0a5b7f87789d716774498ac7e65cd7651df1725390038d465b41a4a693/slint-1.11.0a1-cp310-abi3-macosx_11_0_arm64.whl", hash = "sha256:9ac07a7d1e5a2adc836609cda7c1738fa84505bfd640396c51c79690733810dc", size = 11591049, upload-time = "2025-04-23T11:01:19.191Z" },
    { url = "https://files.pythonhosted.org/packages/b6/b2/83af32afba994576702be36c731557d886a23e9c4d7a837966cc5067a57a/slint-1.11.0a1-cp310-abi3-macosx_11_0_x86_64.whl", hash = "sha256:ad6d051b46d82a1d234ed07a6bed0da6b6341fe4aeaf8a0f364923fedf72e4ce", size = 12135105, upload-time = "2025-04-23T11:01:22.026Z" },
    { url = "https://files.pythonhosted.org/packages/d0/bc/e449531fab75a6f99def98dd269e8cfb0e91f5467f4d557ea3dd5c6934e1/slint-1.11.0a1-cp310-abi3-manylinux_2_31_aarch64.whl", hash = "sha256:abb9e9bf85734dacc30b8d3c6dbef363c68192b32bfb036ba3562317f895fc55", size = 16017972, upload-time = "2025-04-23T11:01:24.764Z" },
    { url = "https://files.pythonhosted.org/packages/0d/b0/06c196f1211d0cc6dd754a7e6f785c126996af4999b7faf4c0144c9d3fcf/slint-1.11.0a1-cp310-abi3-manylinux_2_31_armv7l.whl", hash = "sha256:856e5c952dc8bf7b240db3006ed440fc1776c4d8e8d64f5e33ed813118b0e776", size = 15741502, upload-time = "2025-04-23T11:01:28.237Z" },
    { url = "https://files.pythonhosted.org/packages/51/04/a257bd491a566dcbe837642d7f3e01a50d32d73ccf3b465e0f5217aba760/slint-1.11.0a1-cp310-abi3-manylinux_2_35_x86_64.whl", hash = "sha256:88d94a515c355c2b8715559a46576e7101bc8c19d1617f6e8da0092aa0b633a2", size = 16638181, upload-time = "2025-04-23T11:01:30.689Z" },
    { url = "https://files.pythonhosted.org/packages/46/dc/d0806fccf83122c554067300fe50facd820163e93188e889e089f5968198/slint-1.11.0a1-cp310-abi3-win_amd64.whl", hash = "sha256:d64a60e3aa1bc82c1e0378c1b0b604ccf76d78a7034ce8fb4eaf4bc54debf2ff", size = 12129301, upload-time = "2025-04-23T11:01:33.538Z" },
]
